
Microsoft Visual Studio Solution File, Format Version 10.00
# Visual Studio 2008
Project("{FAE04EC0-301F-11D3-BF4B-00C04F79EFBC}") = "RoadsendLauncher", "RoadsendLauncher\RoadsendLauncher.csproj", "{888661EF-49E5-4650-91FA-FBA9B979A79C}"
EndProject
Global
	GlobalSection(SolutionConfigurationPlatforms) = preSolution
		Debug|Any CPU = Debug|Any CPU
		Release|Any CPU = Release|Any CPU
	EndGlobalSection
	GlobalSection(ProjectConfigurationPlatforms) = postSolution
		{888661EF-49E5-4650-91FA-FBA9B979A79C}.Debug|Any CPU.ActiveCfg = Debug|Any CPU
		{888661EF-49E5-4650-91FA-FBA9B979A79C}.Debug|Any CPU.Build.0 = Debug|Any CPU
		{888661EF-49E5-4650-91FA-FBA9B979A79C}.Release|Any CPU.ActiveCfg = Release|Any CPU
		{888661EF-49E5-4650-91FA-FBA9B979A79C}.Release|Any CPU.Build.0 = Release|Any CPU
	EndGlobalSection
	GlobalSection(SolutionProperties) = preSolution
		HideSolutionNode = FALSE
	EndGlobalSection
EndGlobal
